
Microsoft Visual Studio Solution File, Format Version 12.00
# Visual Studio 2012
Project("{FAE04EC0-301F-11D3-BF4B-00C04F79EFBC}") = "ezDB", "ezDB\ezDB.csproj", "{895C76CC-C0EF-4C14-B05B-B77CA0422FE6}"
EndProject
Project("{2150E333-8FDC-42A3-9474-1A3956D46DE8}") = "Solution Items", "Solution Items", "{52E0A6CF-27F0-447F-BDD7-F29C06B89F27}"
EndProject
Global
	GlobalSection(SolutionConfigurationPlatforms) = preSolution
		Debug|Any CPU = Debug|Any CPU
		Release|Any CPU = Release|Any CPU
	EndGlobalSection
	GlobalSection(ProjectConfigurationPlatforms) = postSolution
		{895C76CC-C0EF-4C14-B05B-B77CA0422FE6}.Debug|Any CPU.ActiveCfg = Debug|Any CPU
		{895C76CC-C0EF-4C14-B05B-B77CA0422FE6}.Debug|Any CPU.Build.0 = Debug|Any CPU
		{895C76CC-C0EF-4C14-B05B-B77CA0422FE6}.Release|Any CPU.ActiveCfg = Release|Any CPU
		{895C76CC-C0EF-4C14-B05B-B77CA0422FE6}.Release|Any CPU.Build.0 = Release|Any CPU
	EndGlobalSection
	GlobalSection(SolutionProperties) = preSolution
		HideSolutionNode = FALSE
	EndGlobalSection
EndGlobal
